
Microsoft Visual Studio Solution File, Format Version 12.00
# Visual Studio Version 17
VisualStudioVersion = 17.2.32630.192
MinimumVisualStudioVersion = 10.0.40219.1
Project("{8BC9CEB8-8B4A-11D0-8D11-00A0C91BC942}") = "01_EmptyWindow", "01_EmptyWindow\01_EmptyWindow.vcxproj", "{019CCDC2-BADE-409A-BDE1-5014371E0D39}"
EndProject
Project("{8BC9CEB8-8B4A-11D0-8D11-00A0C91BC942}") = "02_Triangle", "02_Triangle\02_Triangle.vcxproj", "{E0B3E896-0797-4A42-B637-93025775796A}"
EndProject
Project("{8BC9CEB8-8B4A-11D0-8D11-00A0C91BC942}") = "03_Quad", "03_Quad\03_Quad.vcxproj", "{3D3F17AE-3B46-488C-AC58-674219FAB970}"
EndProject
Project("{8BC9CEB8-8B4A-11D0-8D11-00A0C91BC942}") = "04_Shaders", "04_Shaders\04_Shaders.vcxproj", "{E1CB94B6-467F-47F1-A2D4-936E77E4C690}"
EndProject
Project("{8BC9CEB8-8B4A-11D0-8D11-00A0C91BC942}") = "05_Transformations", "05_Transformations\05_Transformations.vcxproj", "{813E1212-24AE-429E-A51B-0FABDE4DEEAE}"
EndProject
Project("{8BC9CEB8-8B4A-11D0-8D11-00A0C91BC942}") = "06_ProceduralGeometry", "06_ProceduralGeometry\06_ProceduralGeometry.vcxproj", "{676AFC0A-35B8-4F7D-89AC-E11AD97719E9}"
EndProject
Project("{8BC9CEB8-8B4A-11D0-8D11-00A0C91BC942}") = "07_Lighting", "07_Lighting\07_Lighting.vcxproj", "{9B1E99F2-E4C5-4F46-8D92-E78CCA5D0354}"
EndProject
Project("{8BC9CEB8-8B4A-11D0-8D11-00A0C91BC942}") = "GeometryShaders", "GeometryShaders\GeometryShaders.vcxproj", "{23A2DE13-549D-4909-8378-96FFC35C8C19}"
EndProject
Global
	GlobalSection(SolutionConfigurationPlatforms) = preSolution
		Debug|x64 = Debug|x64
		Debug|x86 = Debug|x86
		Release|x64 = Release|x64
		Release|x86 = Release|x86
	EndGlobalSection
	GlobalSection(ProjectConfigurationPlatforms) = postSolution
		{019CCDC2-BADE-409A-BDE1-5014371E0D39}.Debug|x64.ActiveCfg = Debug|x64
		{019CCDC2-BADE-409A-BDE1-5014371E0D39}.Debug|x64.Build.0 = Debug|x64
		{019CCDC2-BADE-409A-BDE1-5014371E0D39}.Debug|x86.ActiveCfg = Debug|Win32
		{019CCDC2-BADE-409A-BDE1-5014371E0D39}.Debug|x86.Build.0 = Debug|Win32
		{019CCDC2-BADE-409A-BDE1-5014371E0D39}.Release|x64.ActiveCfg = Release|x64
		{019CCDC2-BADE-409A-BDE1-5014371E0D39}.Release|x64.Build.0 = Release|x64
		{019CCDC2-BADE-409A-BDE1-5014371E0D39}.Release|x86.ActiveCfg = Release|Win32
		{019CCDC2-BADE-409A-BDE1-5014371E0D39}.Release|x86.Build.0 = Release|Win32
		{E0B3E896-0797-4A42-B637-93025775796A}.Debug|x64.ActiveCfg = Debug|x64
		{E0B3E896-0797-4A42-B637-93025775796A}.Debug|x64.Build.0 = Debug|x64
		{E0B3E896-0797-4A42-B637-93025775796A}.Debug|x86.ActiveCfg = Debug|Win32
		{E0B3E896-0797-4A42-B637-93025775796A}.Debug|x86.Build.0 = Debug|Win32
		{E0B3E896-0797-4A42-B637-93025775796A}.Release|x64.ActiveCfg = Release|x64
		{E0B3E896-0797-4A42-B637-93025775796A}.Release|x64.Build.0 = Release|x64
		{E0B3E896-0797-4A42-B637-93025775796A}.Release|x86.ActiveCfg = Release|Win32
		{E0B3E896-0797-4A42-B637-93025775796A}.Release|x86.Build.0 = Release|Win32
		{3D3F17AE-3B46-488C-AC58-674219FAB970}.Debug|x64.ActiveCfg = Debug|x64
		{3D3F17AE-3B46-488C-AC58-674219FAB970}.Debug|x64.Build.0 = Debug|x64
		{3D3F17AE-3B46-488C-AC58-674219FAB970}.Debug|x86.ActiveCfg = Debug|Win32
		{3D3F17AE-3B46-488C-AC58-674219FAB970}.Debug|x86.Build.0 = Debug|Win32
		{3D3F17AE-3B46-488C-AC58-674219FAB970}.Release|x64.ActiveCfg = Release|x64
		{3D3F17AE-3B46-488C-AC58-674219FAB970}.Release|x64.Build.0 = Release|x64
		{3D3F17AE-3B46-488C-AC58-674219FAB970}.Release|x86.ActiveCfg = Release|Win32
		{3D3F17AE-3B46-488C-AC58-674219FAB970}.Release|x86.Build.0 = Release|Win32
		{E1CB94B6-467F-47F1-A2D4-936E77E4C690}.Debug|x64.ActiveCfg = Debug|x64
		{E1CB94B6-467F-47F1-A2D4-936E77E4C690}.Debug|x64.Build.0 = Debug|x64
		{E1CB94B6-467F-47F1-A2D4-936E77E4C690}.Debug|x86.ActiveCfg = Debug|Win32
		{E1CB94B6-467F-47F1-A2D4-936E77E4C690}.Debug|x86.Build.0 = Debug|Win32
		{E1CB94B6-467F-47F1-A2D4-936E77E4C690}.Release|x64.ActiveCfg = Release|x64
		{E1CB94B6-467F-47F1-A2D4-936E77E4C690}.Release|x64.Build.0 = Release|x64
		{E1CB94B6-467F-47F1-A2D4-936E77E4C690}.Release|x86.ActiveCfg = Release|Win32
		{E1CB94B6-467F-47F1-A2D4-936E77E4C690}.Release|x86.Build.0 = Release|Win32
		{813E1212-24AE-429E-A51B-0FABDE4DEEAE}.Debug|x64.ActiveCfg = Debug|x64
		{813E1212-24AE-429E-A51B-0FABDE4DEEAE}.Debug|x64.Build.0 = Debug|x64
		{813E1212-24AE-429E-A51B-0FABDE4DEEAE}.Debug|x86.ActiveCfg = Debug|Win32
		{813E1212-24AE-429E-A51B-0FABDE4DEEAE}.Debug|x86.Build.0 = Debug|Win32
		{813E1212-24AE-429E-A51B-0FABDE4DEEAE}.Release|x64.ActiveCfg = Release|x64
		{813E1212-24AE-429E-A51B-0FABDE4DEEAE}.Release|x64.Build.0 = Release|x64
		{813E1212-24AE-429E-A51B-0FABDE4DEEAE}.Release|x86.ActiveCfg = Release|Win32
		{813E1212-24AE-429E-A51B-0FABDE4DEEAE}.Release|x86.Build.0 = Release|Win32
		{676AFC0A-35B8-4F7D-89AC-E11AD97719E9}.Debug|x64.ActiveCfg = Debug|x64
		{676AFC0A-35B8-4F7D-89AC-E11AD97719E9}.Debug|x64.Build.0 = Debug|x64
		{676AFC0A-35B8-4F7D-89AC-E11AD97719E9}.Debug|x86.ActiveCfg = Debug|Win32
		{676AFC0A-35B8-4F7D-89AC-E11AD97719E9}.Debug|x86.Build.0 = Debug|Win32
		{676AFC0A-35B8-4F7D-89AC-E11AD97719E9}.Release|x64.ActiveCfg = Release|x64
		{676AFC0A-35B8-4F7D-89AC-E11AD97719E9}.Release|x64.Build.0 = Release|x64
		{676AFC0A-35B8-4F7D-89AC-E11AD97719E9}.Release|x86.ActiveCfg = Release|Win32
		{676AFC0A-35B8-4F7D-89AC-E11AD97719E9}.Release|x86.Build.0 = Release|Win32
		{9B1E99F2-E4C5-4F46-8D92-E78CCA5D0354}.Debug|x64.ActiveCfg = Debug|x64
		{9B1E99F2-E4C5-4F46-8D92-E78CCA5D0354}.Debug|x64.Build.0 = Debug|x64
		{9B1E99F2-E4C5-4F46-8D92-E78CCA5D0354}.Debug|x86.ActiveCfg = Debug|Win32
		{9B1E99F2-E4C5-4F46-8D92-E78CCA5D0354}.Debug|x86.Build.0 = Debug|Win32
		{9B1E99F2-E4C5-4F46-8D92-E78CCA5D0354}.Release|x64.ActiveCfg = Release|x64
		{9B1E99F2-E4C5-4F46-8D92-E78CCA5D0354}.Release|x64.Build.0 = Release|x64
		{9B1E99F2-E4C5-4F46-8D92-E78CCA5D0354}.Release|x86.ActiveCfg = Release|Win32
		{9B1E99F2-E4C5-4F46-8D92-E78CCA5D0354}.Release|x86.Build.0 = Release|Win32
		{23A2DE13-549D-4909-8378-96FFC35C8C19}.Debug|x64.ActiveCfg = Debug|x64
		{23A2DE13-549D-4909-8378-96FFC35C8C19}.Debug|x64.Build.0 = Debug|x64
		{23A2DE13-549D-4909-8378-96FFC35C8C19}.Debug|x86.ActiveCfg = Debug|Win32
		{23A2DE13-549D-4909-8378-96FFC35C8C19}.Debug|x86.Build.0 = Debug|Win32
		{23A2DE13-549D-4909-8378-96FFC35C8C19}.Release|x64.ActiveCfg = Release|x64
		{23A2DE13-549D-4909-8378-96FFC35C8C19}.Release|x64.Build.0 = Release|x64
		{23A2DE13-549D-4909-8378-96FFC35C8C19}.Release|x86.ActiveCfg = Release|Win32
		{23A2DE13-549D-4909-8378-96FFC35C8C19}.Release|x86.Build.0 = Release|Win32
	EndGlobalSection
	GlobalSection(SolutionProperties) = preSolution
		HideSolutionNode = FALSE
	EndGlobalSection
	GlobalSection(ExtensibilityGlobals) = postSolution
		SolutionGuid = {CC20120E-B74A-4EFD-B859-AB3A6197F6BF}
	EndGlobalSection
EndGlobal
